
Microsoft Visual Studio Solution File, Format Version 12.00
# Visual Studio Version 17
VisualStudioVersion = 17.11.35222.181
MinimumVisualStudioVersion = 10.0.40219.1
Project("{FAE04EC0-301F-11D3-BF4B-00C04F79EFBC}") = "задание11", "задание11\задание11.csproj", "{63BBADC5-82D5-4667-A188-56DAB82C8808}"
EndProject
Global
	GlobalSection(SolutionConfigurationPlatforms) = preSolution
		Debug|Any CPU = Debug|Any CPU
		Release|Any CPU = Release|Any CPU
	EndGlobalSection
	GlobalSection(ProjectConfigurationPlatforms) = postSolution
		{63BBADC5-82D5-4667-A188-56DAB82C8808}.Debug|Any CPU.ActiveCfg = Debug|Any CPU
		{63BBADC5-82D5-4667-A188-56DAB82C8808}.Debug|Any CPU.Build.0 = Debug|Any CPU
		{63BBADC5-82D5-4667-A188-56DAB82C8808}.Release|Any CPU.ActiveCfg = Release|Any CPU
		{63BBADC5-82D5-4667-A188-56DAB82C8808}.Release|Any CPU.Build.0 = Release|Any CPU
	EndGlobalSection
	GlobalSection(SolutionProperties) = preSolution
		HideSolutionNode = FALSE
	EndGlobalSection
	GlobalSection(ExtensibilityGlobals) = postSolution
		SolutionGuid = {63CF7398-B43B-4908-940F-D2ABC1E0AE6C}
	EndGlobalSection
EndGlobal
