
Microsoft Visual Studio Solution File, Format Version 12.00
# Visual Studio Version 17
VisualStudioVersion = 17.11.35222.181
MinimumVisualStudioVersion = 10.0.40219.1
Project("{FAE04EC0-301F-11D3-BF4B-00C04F79EFBC}") = "задание12", "задание12\задание12.csproj", "{1467BBD7-C687-445B-B3A3-941786715894}"
EndProject
Global
	GlobalSection(SolutionConfigurationPlatforms) = preSolution
		Debug|Any CPU = Debug|Any CPU
		Release|Any CPU = Release|Any CPU
	EndGlobalSection
	GlobalSection(ProjectConfigurationPlatforms) = postSolution
		{1467BBD7-C687-445B-B3A3-941786715894}.Debug|Any CPU.ActiveCfg = Debug|Any CPU
		{1467BBD7-C687-445B-B3A3-941786715894}.Debug|Any CPU.Build.0 = Debug|Any CPU
		{1467BBD7-C687-445B-B3A3-941786715894}.Release|Any CPU.ActiveCfg = Release|Any CPU
		{1467BBD7-C687-445B-B3A3-941786715894}.Release|Any CPU.Build.0 = Release|Any CPU
	EndGlobalSection
	GlobalSection(SolutionProperties) = preSolution
		HideSolutionNode = FALSE
	EndGlobalSection
	GlobalSection(ExtensibilityGlobals) = postSolution
		SolutionGuid = {412338D6-BEEA-458E-87A1-B0EA5579E085}
	EndGlobalSection
EndGlobal
