
Microsoft Visual Studio Solution File, Format Version 12.00
# Visual Studio Version 17
VisualStudioVersion = 17.11.35222.181
MinimumVisualStudioVersion = 10.0.40219.1
Project("{FAE04EC0-301F-11D3-BF4B-00C04F79EFBC}") = "geometry", "geometry\geometry.csproj", "{2BF41403-1AB8-4A4C-B81E-59346D0416A1}"
EndProject
Global
	GlobalSection(SolutionConfigurationPlatforms) = preSolution
		Debug|Any CPU = Debug|Any CPU
		Release|Any CPU = Release|Any CPU
	EndGlobalSection
	GlobalSection(ProjectConfigurationPlatforms) = postSolution
		{2BF41403-1AB8-4A4C-B81E-59346D0416A1}.Debug|Any CPU.ActiveCfg = Debug|Any CPU
		{2BF41403-1AB8-4A4C-B81E-59346D0416A1}.Debug|Any CPU.Build.0 = Debug|Any CPU
		{2BF41403-1AB8-4A4C-B81E-59346D0416A1}.Release|Any CPU.ActiveCfg = Release|Any CPU
		{2BF41403-1AB8-4A4C-B81E-59346D0416A1}.Release|Any CPU.Build.0 = Release|Any CPU
	EndGlobalSection
	GlobalSection(SolutionProperties) = preSolution
		HideSolutionNode = FALSE
	EndGlobalSection
	GlobalSection(ExtensibilityGlobals) = postSolution
		SolutionGuid = {7711492A-CBD3-46B6-822C-65ADEF600C30}
	EndGlobalSection
EndGlobal
