
Microsoft Visual Studio Solution File, Format Version 12.00
# Visual Studio Version 17
VisualStudioVersion = 17.11.35222.181
MinimumVisualStudioVersion = 10.0.40219.1
Project("{FAE04EC0-301F-11D3-BF4B-00C04F79EFBC}") = "Task1", "Task1\Task1.csproj", "{C3C43664-DE36-4D5F-90C7-41CA6BC4E00A}"
EndProject
Global
	GlobalSection(SolutionConfigurationPlatforms) = preSolution
		Debug|Any CPU = Debug|Any CPU
		Release|Any CPU = Release|Any CPU
	EndGlobalSection
	GlobalSection(ProjectConfigurationPlatforms) = postSolution
		{C3C43664-DE36-4D5F-90C7-41CA6BC4E00A}.Debug|Any CPU.ActiveCfg = Debug|Any CPU
		{C3C43664-DE36-4D5F-90C7-41CA6BC4E00A}.Debug|Any CPU.Build.0 = Debug|Any CPU
		{C3C43664-DE36-4D5F-90C7-41CA6BC4E00A}.Release|Any CPU.ActiveCfg = Release|Any CPU
		{C3C43664-DE36-4D5F-90C7-41CA6BC4E00A}.Release|Any CPU.Build.0 = Release|Any CPU
	EndGlobalSection
	GlobalSection(SolutionProperties) = preSolution
		HideSolutionNode = FALSE
	EndGlobalSection
	GlobalSection(ExtensibilityGlobals) = postSolution
		SolutionGuid = {DB8AF905-86B4-4F77-9E0E-705C4BDFBED2}
	EndGlobalSection
EndGlobal
