
Microsoft Visual Studio Solution File, Format Version 12.00
# Visual Studio Version 17
VisualStudioVersion = 17.11.35222.181
MinimumVisualStudioVersion = 10.0.40219.1
Project("{FAE04EC0-301F-11D3-BF4B-00C04F79EFBC}") = "task7", "task7\task7.csproj", "{CC706E91-2C1F-495E-A4A1-447C0D9D5E2B}"
EndProject
Global
	GlobalSection(SolutionConfigurationPlatforms) = preSolution
		Debug|Any CPU = Debug|Any CPU
		Release|Any CPU = Release|Any CPU
	EndGlobalSection
	GlobalSection(ProjectConfigurationPlatforms) = postSolution
		{CC706E91-2C1F-495E-A4A1-447C0D9D5E2B}.Debug|Any CPU.ActiveCfg = Debug|Any CPU
		{CC706E91-2C1F-495E-A4A1-447C0D9D5E2B}.Debug|Any CPU.Build.0 = Debug|Any CPU
		{CC706E91-2C1F-495E-A4A1-447C0D9D5E2B}.Release|Any CPU.ActiveCfg = Release|Any CPU
		{CC706E91-2C1F-495E-A4A1-447C0D9D5E2B}.Release|Any CPU.Build.0 = Release|Any CPU
	EndGlobalSection
	GlobalSection(SolutionProperties) = preSolution
		HideSolutionNode = FALSE
	EndGlobalSection
	GlobalSection(ExtensibilityGlobals) = postSolution
		SolutionGuid = {DB37B1C4-9281-4706-AD78-5BA3C1AF65B9}
	EndGlobalSection
EndGlobal
