
Microsoft Visual Studio Solution File, Format Version 12.00
# Visual Studio Version 17
VisualStudioVersion = 17.11.35222.181
MinimumVisualStudioVersion = 10.0.40219.1
Project("{FAE04EC0-301F-11D3-BF4B-00C04F79EFBC}") = "task10.1", "task10.1\task10.1.csproj", "{789394B1-E36F-464F-9AEB-F44F7FCAD1E6}"
EndProject
Global
	GlobalSection(SolutionConfigurationPlatforms) = preSolution
		Debug|Any CPU = Debug|Any CPU
		Release|Any CPU = Release|Any CPU
	EndGlobalSection
	GlobalSection(ProjectConfigurationPlatforms) = postSolution
		{789394B1-E36F-464F-9AEB-F44F7FCAD1E6}.Debug|Any CPU.ActiveCfg = Debug|Any CPU
		{789394B1-E36F-464F-9AEB-F44F7FCAD1E6}.Debug|Any CPU.Build.0 = Debug|Any CPU
		{789394B1-E36F-464F-9AEB-F44F7FCAD1E6}.Release|Any CPU.ActiveCfg = Release|Any CPU
		{789394B1-E36F-464F-9AEB-F44F7FCAD1E6}.Release|Any CPU.Build.0 = Release|Any CPU
	EndGlobalSection
	GlobalSection(SolutionProperties) = preSolution
		HideSolutionNode = FALSE
	EndGlobalSection
	GlobalSection(ExtensibilityGlobals) = postSolution
		SolutionGuid = {CD4B27C6-FF3C-44BA-A560-7067B12A1682}
	EndGlobalSection
EndGlobal
