
Microsoft Visual Studio Solution File, Format Version 12.00
# Visual Studio Version 17
VisualStudioVersion = 17.11.35222.181
MinimumVisualStudioVersion = 10.0.40219.1
Project("{FAE04EC0-301F-11D3-BF4B-00C04F79EFBC}") = "задание10-4", "задание10-4\задание10-4.csproj", "{26301142-574B-4FF1-99D6-C4256A7B7B4A}"
EndProject
Global
	GlobalSection(SolutionConfigurationPlatforms) = preSolution
		Debug|Any CPU = Debug|Any CPU
		Release|Any CPU = Release|Any CPU
	EndGlobalSection
	GlobalSection(ProjectConfigurationPlatforms) = postSolution
		{26301142-574B-4FF1-99D6-C4256A7B7B4A}.Debug|Any CPU.ActiveCfg = Debug|Any CPU
		{26301142-574B-4FF1-99D6-C4256A7B7B4A}.Debug|Any CPU.Build.0 = Debug|Any CPU
		{26301142-574B-4FF1-99D6-C4256A7B7B4A}.Release|Any CPU.ActiveCfg = Release|Any CPU
		{26301142-574B-4FF1-99D6-C4256A7B7B4A}.Release|Any CPU.Build.0 = Release|Any CPU
	EndGlobalSection
	GlobalSection(SolutionProperties) = preSolution
		HideSolutionNode = FALSE
	EndGlobalSection
	GlobalSection(ExtensibilityGlobals) = postSolution
		SolutionGuid = {FDD242B0-37E7-447D-B6B3-645AF361668D}
	EndGlobalSection
EndGlobal
