
Microsoft Visual Studio Solution File, Format Version 12.00
# Visual Studio Version 17
VisualStudioVersion = 17.11.35222.181
MinimumVisualStudioVersion = 10.0.40219.1
Project("{FAE04EC0-301F-11D3-BF4B-00C04F79EFBC}") = "задание10-1", "задание10-1\задание10-1.csproj", "{8E5C0829-B31F-4B92-8D8B-D901678F7981}"
EndProject
Global
	GlobalSection(SolutionConfigurationPlatforms) = preSolution
		Debug|Any CPU = Debug|Any CPU
		Release|Any CPU = Release|Any CPU
	EndGlobalSection
	GlobalSection(ProjectConfigurationPlatforms) = postSolution
		{8E5C0829-B31F-4B92-8D8B-D901678F7981}.Debug|Any CPU.ActiveCfg = Debug|Any CPU
		{8E5C0829-B31F-4B92-8D8B-D901678F7981}.Debug|Any CPU.Build.0 = Debug|Any CPU
		{8E5C0829-B31F-4B92-8D8B-D901678F7981}.Release|Any CPU.ActiveCfg = Release|Any CPU
		{8E5C0829-B31F-4B92-8D8B-D901678F7981}.Release|Any CPU.Build.0 = Release|Any CPU
	EndGlobalSection
	GlobalSection(SolutionProperties) = preSolution
		HideSolutionNode = FALSE
	EndGlobalSection
	GlobalSection(ExtensibilityGlobals) = postSolution
		SolutionGuid = {2BB1F182-B41E-4915-8374-4B06024B81EB}
	EndGlobalSection
EndGlobal
