
Microsoft Visual Studio Solution File, Format Version 12.00
# Visual Studio Version 17
VisualStudioVersion = 17.11.35222.181
MinimumVisualStudioVersion = 10.0.40219.1
Project("{FAE04EC0-301F-11D3-BF4B-00C04F79EFBC}") = "ComplexNumberStruct", "ComplexNumber\ComplexNumberStruct.csproj", "{121371BC-6058-4D70-A47F-CCA40DDEC7DF}"
EndProject
Project("{FAE04EC0-301F-11D3-BF4B-00C04F79EFBC}") = "ComplexNumberStruct.UnitTests", "ComplexNumberStruct.UnitTests\ComplexNumberStruct.UnitTests.csproj", "{FA0B2287-1F9C-4058-84F7-984F59D638D1}"
EndProject
Global
	GlobalSection(SolutionConfigurationPlatforms) = preSolution
		Debug|Any CPU = Debug|Any CPU
		Release|Any CPU = Release|Any CPU
	EndGlobalSection
	GlobalSection(ProjectConfigurationPlatforms) = postSolution
		{121371BC-6058-4D70-A47F-CCA40DDEC7DF}.Debug|Any CPU.ActiveCfg = Debug|Any CPU
		{121371BC-6058-4D70-A47F-CCA40DDEC7DF}.Debug|Any CPU.Build.0 = Debug|Any CPU
		{121371BC-6058-4D70-A47F-CCA40DDEC7DF}.Release|Any CPU.ActiveCfg = Release|Any CPU
		{121371BC-6058-4D70-A47F-CCA40DDEC7DF}.Release|Any CPU.Build.0 = Release|Any CPU
		{FA0B2287-1F9C-4058-84F7-984F59D638D1}.Debug|Any CPU.ActiveCfg = Debug|Any CPU
		{FA0B2287-1F9C-4058-84F7-984F59D638D1}.Debug|Any CPU.Build.0 = Debug|Any CPU
		{FA0B2287-1F9C-4058-84F7-984F59D638D1}.Release|Any CPU.ActiveCfg = Release|Any CPU
		{FA0B2287-1F9C-4058-84F7-984F59D638D1}.Release|Any CPU.Build.0 = Release|Any CPU
	EndGlobalSection
	GlobalSection(SolutionProperties) = preSolution
		HideSolutionNode = FALSE
	EndGlobalSection
	GlobalSection(ExtensibilityGlobals) = postSolution
		SolutionGuid = {6D399DF2-1FAB-4C5E-B09A-3E663E3D554A}
	EndGlobalSection
EndGlobal
